
Microsoft Visual Studio Solution File, Format Version 12.00
# Visual Studio Version 17
VisualStudioVersion = 17.4.33110.190
MinimumVisualStudioVersion = 10.0.40219.1
Project("{FAE04EC0-301F-11D3-BF4B-00C04F79EFBC}") = "RegexDay20Assignment", "RegexDay20Assignment.csproj", "{0B276272-86DB-4293-A1E2-068B772CCF76}"
EndProject
Project("{FAE04EC0-301F-11D3-BF4B-00C04F79EFBC}") = "RegexMSTest", "..\RegexMSTest\RegexMSTest.csproj", "{8556E42A-9320-4BC4-8F06-CBAED842C99F}"
EndProject
Global
	GlobalSection(SolutionConfigurationPlatforms) = preSolution
		Debug|Any CPU = Debug|Any CPU
		Release|Any CPU = Release|Any CPU
	EndGlobalSection
	GlobalSection(ProjectConfigurationPlatforms) = postSolution
		{0B276272-86DB-4293-A1E2-068B772CCF76}.Debug|Any CPU.ActiveCfg = Debug|Any CPU
		{0B276272-86DB-4293-A1E2-068B772CCF76}.Debug|Any CPU.Build.0 = Debug|Any CPU
		{0B276272-86DB-4293-A1E2-068B772CCF76}.Release|Any CPU.ActiveCfg = Release|Any CPU
		{0B276272-86DB-4293-A1E2-068B772CCF76}.Release|Any CPU.Build.0 = Release|Any CPU
		{8556E42A-9320-4BC4-8F06-CBAED842C99F}.Debug|Any CPU.ActiveCfg = Debug|Any CPU
		{8556E42A-9320-4BC4-8F06-CBAED842C99F}.Debug|Any CPU.Build.0 = Debug|Any CPU
		{8556E42A-9320-4BC4-8F06-CBAED842C99F}.Release|Any CPU.ActiveCfg = Release|Any CPU
		{8556E42A-9320-4BC4-8F06-CBAED842C99F}.Release|Any CPU.Build.0 = Release|Any CPU
	EndGlobalSection
	GlobalSection(SolutionProperties) = preSolution
		HideSolutionNode = FALSE
	EndGlobalSection
	GlobalSection(ExtensibilityGlobals) = postSolution
		SolutionGuid = {7354F61C-5FCE-40D5-AD36-B45D2CCCFBF4}
	EndGlobalSection
EndGlobal
